
Microsoft Visual Studio Solution File, Format Version 12.00
# Visual Studio Version 16
VisualStudioVersion = 16.0.31729.503
MinimumVisualStudioVersion = 10.0.40219.1
Project("{FAE04EC0-301F-11D3-BF4B-00C04F79EFBC}") = "CustomSwapi", "CustomSwapi\CustomSwapi.csproj", "{8A10D5A0-066D-49C1-8336-8EE8E1ED6A6A}"
EndProject
Global
	GlobalSection(SolutionConfigurationPlatforms) = preSolution
		Debug|Any CPU = Debug|Any CPU
		Release|Any CPU = Release|Any CPU
	EndGlobalSection
	GlobalSection(ProjectConfigurationPlatforms) = postSolution
		{8A10D5A0-066D-49C1-8336-8EE8E1ED6A6A}.Debug|Any CPU.ActiveCfg = Debug|Any CPU
		{8A10D5A0-066D-49C1-8336-8EE8E1ED6A6A}.Debug|Any CPU.Build.0 = Debug|Any CPU
		{8A10D5A0-066D-49C1-8336-8EE8E1ED6A6A}.Release|Any CPU.ActiveCfg = Release|Any CPU
		{8A10D5A0-066D-49C1-8336-8EE8E1ED6A6A}.Release|Any CPU.Build.0 = Release|Any CPU
	EndGlobalSection
	GlobalSection(SolutionProperties) = preSolution
		HideSolutionNode = FALSE
	EndGlobalSection
	GlobalSection(ExtensibilityGlobals) = postSolution
		SolutionGuid = {04E6B8A3-3DD5-495A-A0C4-EB8B3F3D543C}
	EndGlobalSection
EndGlobal
